
Microsoft Visual Studio Solution File, Format Version 12.00
# Visual Studio Version 16
VisualStudioVersion = 16.0.28803.202
MinimumVisualStudioVersion = 10.0.40219.1
Project("{FAE04EC0-301F-11D3-BF4B-00C04F79EFBC}") = "Shj_ContractSys_HpleCenter", "Shj_ContractSys_HpleCenter\Shj_ContractSys_HpleCenter.csproj", "{3066F60D-7782-4FB6-88DF-73691E3E6FCB}"
EndProject
Global
	GlobalSection(SolutionConfigurationPlatforms) = preSolution
		Debug|Any CPU = Debug|Any CPU
		Release|Any CPU = Release|Any CPU
	EndGlobalSection
	GlobalSection(ProjectConfigurationPlatforms) = postSolution
		{3066F60D-7782-4FB6-88DF-73691E3E6FCB}.Debug|Any CPU.ActiveCfg = Debug|Any CPU
		{3066F60D-7782-4FB6-88DF-73691E3E6FCB}.Debug|Any CPU.Build.0 = Debug|Any CPU
		{3066F60D-7782-4FB6-88DF-73691E3E6FCB}.Release|Any CPU.ActiveCfg = Release|Any CPU
		{3066F60D-7782-4FB6-88DF-73691E3E6FCB}.Release|Any CPU.Build.0 = Release|Any CPU
	EndGlobalSection
	GlobalSection(SolutionProperties) = preSolution
		HideSolutionNode = FALSE
	EndGlobalSection
	GlobalSection(ExtensibilityGlobals) = postSolution
		SolutionGuid = {CB076968-6567-4E7E-89FF-F4999EEE8C7F}
	EndGlobalSection
EndGlobal
